
Microsoft Visual Studio Solution File, Format Version 12.00
# Visual Studio 15
VisualStudioVersion = 15.0.28306.52
MinimumVisualStudioVersion = 10.0.40219.1
Project("{FAE04EC0-301F-11D3-BF4B-00C04F79EFBC}") = "StoreWeb", "StoreWeb\StoreWeb.csproj", "{D96F7107-6464-4181-9E71-EC4F884C7509}"
EndProject
Project("{FAE04EC0-301F-11D3-BF4B-00C04F79EFBC}") = "SystemWeb", "SystemWeb\SystemWeb.csproj", "{847909E2-6CC7-4111-B4E1-D6A6FF01661F}"
EndProject
Project("{FAE04EC0-301F-11D3-BF4B-00C04F79EFBC}") = "StoreModel", "StoreModel\StoreModel.csproj", "{D0878C7F-0B1F-4E4A-8DA5-3DB4CAF94583}"
EndProject
Project("{FAE04EC0-301F-11D3-BF4B-00C04F79EFBC}") = "StoreBusiness", "StoreBusiness\StoreBusiness.csproj", "{5A486F6C-4B63-4D07-8BAE-9F6E51EB045D}"
EndProject
Project("{FAE04EC0-301F-11D3-BF4B-00C04F79EFBC}") = "StoreDataAccess", "StoreDataAccess\StoreDataAccess.csproj", "{438B8E89-2619-4137-9CF1-6E748CB93B08}"
EndProject
Global
	GlobalSection(SolutionConfigurationPlatforms) = preSolution
		Debug|Any CPU = Debug|Any CPU
		Release|Any CPU = Release|Any CPU
	EndGlobalSection
	GlobalSection(ProjectConfigurationPlatforms) = postSolution
		{D96F7107-6464-4181-9E71-EC4F884C7509}.Debug|Any CPU.ActiveCfg = Debug|Any CPU
		{D96F7107-6464-4181-9E71-EC4F884C7509}.Debug|Any CPU.Build.0 = Debug|Any CPU
		{D96F7107-6464-4181-9E71-EC4F884C7509}.Release|Any CPU.ActiveCfg = Release|Any CPU
		{D96F7107-6464-4181-9E71-EC4F884C7509}.Release|Any CPU.Build.0 = Release|Any CPU
		{847909E2-6CC7-4111-B4E1-D6A6FF01661F}.Debug|Any CPU.ActiveCfg = Debug|Any CPU
		{847909E2-6CC7-4111-B4E1-D6A6FF01661F}.Debug|Any CPU.Build.0 = Debug|Any CPU
		{847909E2-6CC7-4111-B4E1-D6A6FF01661F}.Release|Any CPU.ActiveCfg = Release|Any CPU
		{847909E2-6CC7-4111-B4E1-D6A6FF01661F}.Release|Any CPU.Build.0 = Release|Any CPU
		{D0878C7F-0B1F-4E4A-8DA5-3DB4CAF94583}.Debug|Any CPU.ActiveCfg = Debug|Any CPU
		{D0878C7F-0B1F-4E4A-8DA5-3DB4CAF94583}.Debug|Any CPU.Build.0 = Debug|Any CPU
		{D0878C7F-0B1F-4E4A-8DA5-3DB4CAF94583}.Release|Any CPU.ActiveCfg = Release|Any CPU
		{D0878C7F-0B1F-4E4A-8DA5-3DB4CAF94583}.Release|Any CPU.Build.0 = Release|Any CPU
		{5A486F6C-4B63-4D07-8BAE-9F6E51EB045D}.Debug|Any CPU.ActiveCfg = Debug|Any CPU
		{5A486F6C-4B63-4D07-8BAE-9F6E51EB045D}.Debug|Any CPU.Build.0 = Debug|Any CPU
		{5A486F6C-4B63-4D07-8BAE-9F6E51EB045D}.Release|Any CPU.ActiveCfg = Release|Any CPU
		{5A486F6C-4B63-4D07-8BAE-9F6E51EB045D}.Release|Any CPU.Build.0 = Release|Any CPU
		{438B8E89-2619-4137-9CF1-6E748CB93B08}.Debug|Any CPU.ActiveCfg = Debug|Any CPU
		{438B8E89-2619-4137-9CF1-6E748CB93B08}.Debug|Any CPU.Build.0 = Debug|Any CPU
		{438B8E89-2619-4137-9CF1-6E748CB93B08}.Release|Any CPU.ActiveCfg = Release|Any CPU
		{438B8E89-2619-4137-9CF1-6E748CB93B08}.Release|Any CPU.Build.0 = Release|Any CPU
	EndGlobalSection
	GlobalSection(SolutionProperties) = preSolution
		HideSolutionNode = FALSE
	EndGlobalSection
	GlobalSection(ExtensibilityGlobals) = postSolution
		SolutionGuid = {BAF17556-F9AE-4AD5-B4DC-1A1B6C543331}
	EndGlobalSection
EndGlobal
